
Microsoft Visual Studio Solution File, Format Version 12.00
# Visual Studio Version 16
VisualStudioVersion = 16.0.28803.202
MinimumVisualStudioVersion = 10.0.40219.1
Project("{FAE04EC0-301F-11D3-BF4B-00C04F79EFBC}") = "TrainingTask", "TrainingTask\TrainingTask.csproj", "{FF6E3DA2-0488-4EBB-A08E-D884FD06CF51}"
EndProject
Project("{FAE04EC0-301F-11D3-BF4B-00C04F79EFBC}") = "Practice11.05.2019", "Practice11.05.2019\Practice11.05.2019.csproj", "{4B6BE461-E3B1-4BEB-A235-D74066D6A917}"
EndProject
Global
	GlobalSection(SolutionConfigurationPlatforms) = preSolution
		Debug|Any CPU = Debug|Any CPU
		Release|Any CPU = Release|Any CPU
	EndGlobalSection
	GlobalSection(ProjectConfigurationPlatforms) = postSolution
		{FF6E3DA2-0488-4EBB-A08E-D884FD06CF51}.Debug|Any CPU.ActiveCfg = Debug|Any CPU
		{FF6E3DA2-0488-4EBB-A08E-D884FD06CF51}.Debug|Any CPU.Build.0 = Debug|Any CPU
		{FF6E3DA2-0488-4EBB-A08E-D884FD06CF51}.Release|Any CPU.ActiveCfg = Release|Any CPU
		{FF6E3DA2-0488-4EBB-A08E-D884FD06CF51}.Release|Any CPU.Build.0 = Release|Any CPU
		{4B6BE461-E3B1-4BEB-A235-D74066D6A917}.Debug|Any CPU.ActiveCfg = Debug|Any CPU
		{4B6BE461-E3B1-4BEB-A235-D74066D6A917}.Debug|Any CPU.Build.0 = Debug|Any CPU
		{4B6BE461-E3B1-4BEB-A235-D74066D6A917}.Release|Any CPU.ActiveCfg = Release|Any CPU
		{4B6BE461-E3B1-4BEB-A235-D74066D6A917}.Release|Any CPU.Build.0 = Release|Any CPU
	EndGlobalSection
	GlobalSection(SolutionProperties) = preSolution
		HideSolutionNode = FALSE
	EndGlobalSection
	GlobalSection(ExtensibilityGlobals) = postSolution
		SolutionGuid = {97711EA4-7DC7-463D-8870-4692553C303D}
	EndGlobalSection
EndGlobal
